// !$*UTF8*$!
{
	archiveVersion = 1;
	classes = {
	};
	objectVersion = 46;
	objects = {

/* Begin PBXBuildFile section */
		06CBB3F0F9A5C1D94291C2D4 /* Pods_iOS_Challenge.framework in Frameworks */ = {isa = PBXBuildFile; fileRef = 45CC75FAD88928DA561497C6 /* Pods_iOS_Challenge.framework */; };
		6A9ABACC1D191E9300C5B739 /* AppDelegate.swift in Sources */ = {isa = PBXBuildFile; fileRef = 6A9ABACB1D191E9300C5B739 /* AppDelegate.swift */; };
		6A9ABACE1D191E9300C5B739 /* ViewController.swift in Sources */ = {isa = PBXBuildFile; fileRef = 6A9ABACD1D191E9300C5B739 /* ViewController.swift */; };
		6A9ABAD11D191E9300C5B739 /* Main.storyboard in Resources */ = {isa = PBXBuildFile; fileRef = 6A9ABACF1D191E9300C5B739 /* Main.storyboard */; };
		6A9ABAD31D191E9400C5B739 /* Assets.xcassets in Resources */ = {isa = PBXBuildFile; fileRef = 6A9ABAD21D191E9400C5B739 /* Assets.xcassets */; };
		6A9ABAD61D191E9400C5B739 /* LaunchScreen.storyboard in Resources */ = {isa = PBXBuildFile; fileRef = 6A9ABAD41D191E9400C5B739 /* LaunchScreen.storyboard */; };
/* End PBXBuildFile section */

/* Begin PBXFileReference section */
		45CC75FAD88928DA561497C6 /* Pods_iOS_Challenge.framework */ = {isa = PBXFileReference; explicitFileType = wrapper.framework; includeInIndex = 0; path = Pods_iOS_Challenge.framework; sourceTree = BUILT_PRODUCTS_DIR; };
		60A604C959F04E965D5CA574 /* Pods-iOS Challenge.debug.xcconfig */ = {isa = PBXFileReference; includeInIndex = 1; lastKnownFileType = text.xcconfig; name = "Pods-iOS Challenge.debug.xcconfig"; path = "Pods/Target Support Files/Pods-iOS Challenge/Pods-iOS Challenge.debug.xcconfig"; sourceTree = "<group>"; };
		6A9ABAC81D191E9300C5B739 /* iOS Challenge.app */ = {isa = PBXFileReference; explicitFileType = wrapper.application; includeInIndex = 0; path = "iOS Challenge.app"; sourceTree = BUILT_PRODUCTS_DIR; };
		6A9ABACB1D191E9300C5B739 /* AppDelegate.swift */ = {isa = PBXFileReference; lastKnownFileType = sourcecode.swift; path = AppDelegate.swift; sourceTree = "<group>"; };
		6A9ABACD1D191E9300C5B739 /* ViewController.swift */ = {isa = PBXFileReference; lastKnownFileType = sourcecode.swift; path = ViewController.swift; sourceTree = "<group>"; };
		6A9ABAD01D191E9300C5B739 /* Base */ = {isa = PBXFileReference; lastKnownFileType = file.storyboard; name = Base; path = Base.lproj/Main.storyboard; sourceTree = "<group>"; };
		6A9ABAD21D191E9400C5B739 /* Assets.xcassets */ = {isa = PBXFileReference; lastKnownFileType = folder.assetcatalog; path = Assets.xcassets; sourceTree = "<group>"; };
		6A9ABAD51D191E9400C5B739 /* Base */ = {isa = PBXFileReference; lastKnownFileType = file.storyboard; name = Base; path = Base.lproj/LaunchScreen.storyboard; sourceTree = "<group>"; };
		6A9ABAD71D191E9400C5B739 /* Info.plist */ = {isa = PBXFileReference; lastKnownFileType = text.plist.xml; path = Info.plist; sourceTree = "<group>"; };
		BAA305522081B9B8E10A9F86 /* Pods-iOS Challenge.release.xcconfig */ = {isa = PBXFileReference; includeInIndex = 1; lastKnownFileType = text.xcconfig; name = "Pods-iOS Challenge.release.xcconfig"; path = "Pods/Target Support Files/Pods-iOS Challenge/Pods-iOS Challenge.release.xcconfig"; sourceTree = "<group>"; };
/* End PBXFileReference section */

/* Begin PBXFrameworksBuildPhase section */
		6A9ABAC51D191E9300C5B739 /* Frameworks */ = {
			isa = PBXFrameworksBuildPhase;
			buildActionMask = 2147483647;
			files = (
				06CBB3F0F9A5C1D94291C2D4 /* Pods_iOS_Challenge.framework in Frameworks */,
			);
			runOnlyForDeploymentPostprocessing = 0;
		};
/* End PBXFrameworksBuildPhase section */

/* Begin PBXGroup section */
		206340F596FD30879938D929 /* Pods */ = {
			isa = PBXGroup;
			children = (
				60A604C959F04E965D5CA574 /* Pods-iOS Challenge.debug.xcconfig */,
				BAA305522081B9B8E10A9F86 /* Pods-iOS Challenge.release.xcconfig */,
			);
			name = Pods;
			sourceTree = "<group>";
		};
		6A9ABABF1D191E9300C5B739 = {
			isa = PBXGroup;
			children = (
				6A9ABACA1D191E9300C5B739 /* iOS Challenge */,
				6A9ABAC91D191E9300C5B739 /* Products */,
				206340F596FD30879938D929 /* Pods */,
				8AC307D39B3C068C99265AD3 /* Frameworks */,
			);
			sourceTree = "<group>";
		};
		6A9ABAC91D191E9300C5B739 /* Products */ = {
			isa = PBXGroup;
			children = (
				6A9ABAC81D191E9300C5B739 /* iOS Challenge.app */,
			);
			name = Products;
			sourceTree = "<group>";
		};
		6A9ABACA1D191E9300C5B739 /* iOS Challenge */ = {
			isa = PBXGroup;
			children = (
				6A9ABACB1D191E9300C5B739 /* AppDelegate.swift */,
				6A9ABACD1D191E9300C5B739 /* ViewController.swift */,
				6A9ABACF1D191E9300C5B739 /* Main.storyboard */,
				6A9ABAD21D191E9400C5B739 /* Assets.xcassets */,
				6A9ABAD41D191E9400C5B739 /* LaunchScreen.storyboard */,
				6A9ABAD71D191E9400C5B739 /* Info.plist */,
			);
			path = "iOS Challenge";
			sourceTree = "<group>";
		};
		8AC307D39B3C068C99265AD3 /* Frameworks */ = {
			isa = PBXGroup;
			children = (
				45CC75FAD88928DA561497C6 /* Pods_iOS_Challenge.framework */,
			);
			name = Frameworks;
			sourceTree = "<group>";
		};
/* End PBXGroup section */

/* Begin PBXNativeTarget section */
		6A9ABAC71D191E9300C5B739 /* iOS Challenge */ = {
			isa = PBXNativeTarget;
			buildConfigurationList = 6A9ABADA1D191E9400C5B739 /* Build configuration list for PBXNativeTarget "iOS Challenge" */;
			buildPhases = (
				92B2E4063F643CEE0255D89D /* [CP] Check Pods Manifest.lock */,
				6A9ABAC41D191E9300C5B739 /* Sources */,
				6A9ABAC51D191E9300C5B739 /* Frameworks */,
				6A9ABAC61D191E9300C5B739 /* Resources */,
				BAFE8FEC7EC717EF23AB980E /* [CP] Embed Pods Frameworks */,
				8D84D615590679C9770B8256 /* [CP] Copy Pods Resources */,
			);
			buildRules = (
			);
			dependencies = (
			);
			name = "iOS Challenge";
			productName = "iOS Challenge";
			productReference = 6A9ABAC81D191E9300C5B739 /* iOS Challenge.app */;
			productType = "com.apple.product-type.application";
		};
/* End PBXNativeTarget section */

/* Begin PBXProject section */
		6A9ABAC01D191E9300C5B739 /* Project object */ = {
			isa = PBXProject;
			attributes = {
				LastSwiftUpdateCheck = 0730;
				LastUpgradeCheck = 0730;
				ORGANIZATIONNAME = "iOS Dev";
				TargetAttributes = {
					6A9ABAC71D191E9300C5B739 = {
						CreatedOnToolsVersion = 7.3.1;
					};
				};
			};
			buildConfigurationList = 6A9ABAC31D191E9300C5B739 /* Build configuration list for PBXProject "iOS Challenge" */;
			compatibilityVersion = "Xcode 3.2";
			developmentRegion = English;
			hasScannedForEncodings = 0;
			knownRegions = (
				en,
				Base,
			);
			mainGroup = 6A9ABABF1D191E9300C5B739;
			productRefGroup = 6A9ABAC91D191E9300C5B739 /* Products */;
			projectDirPath = "";
			projectRoot = "";
			targets = (
				6A9ABAC71D191E9300C5B739 /* iOS Challenge */,
			);
		};
/* End PBXProject section */

/* Begin PBXResourcesBuildPhase section */
		6A9ABAC61D191E9300C5B739 /* Resources */ = {
			isa = PBXResourcesBuildPhase;
			buildActionMask = 2147483647;
			files = (
				6A9ABAD61D191E9400C5B739 /* LaunchScreen.storyboard in Resources */,
				6A9ABAD31D191E9400C5B739 /* Assets.xcassets in Resources */,
				6A9ABAD11D191E9300C5B739 /* Main.storyboard in Resources */,
			);
			runOnlyForDeploymentPostprocessing = 0;
		};
/* End PBXResourcesBuildPhase section */

/* Begin PBXShellScriptBuildPhase section */
		8D84D615590679C9770B8256 /* [CP] Copy Pods Resources */ = {
			isa = PBXShellScriptBuildPhase;
			buildActionMask = 2147483647;
			files = (
			);
			inputPaths = (
			);
			name = "[CP] Copy Pods Resources";
			outputPaths = (
			);
			runOnlyForDeploymentPostprocessing = 0;
			shellPath = /bin/sh;
			shellScript = "\"${SRCROOT}/Pods/Target Support Files/Pods-iOS Challenge/Pods-iOS Challenge-resources.sh\"\n";
			showEnvVarsInLog = 0;
		};
		92B2E4063F643CEE0255D89D /* [CP] Check Pods Manifest.lock */ = {
			isa = PBXShellScriptBuildPhase;
			buildActionMask = 2147483647;
			files = (
			);
			inputPaths = (
			);
			name = "[CP] Check Pods Manifest.lock";
			outputPaths = (
			);
			runOnlyForDeploymentPostprocessing = 0;
			shellPath = /bin/sh;
			shellScript = "diff \"${PODS_ROOT}/../Podfile.lock\" \"${PODS_ROOT}/Manifest.lock\" > /dev/null\nif [[ $? != 0 ]] ; then\n    cat << EOM\nerror: The sandbox is not in sync with the Podfile.lock. Run 'pod install' or update your CocoaPods installation.\nEOM\n    exit 1\nfi\n";
			showEnvVarsInLog = 0;
		};
		BAFE8FEC7EC717EF23AB980E /* [CP] Embed Pods Frameworks */ = {
			isa = PBXShellScriptBuildPhase;
			buildActionMask = 2147483647;
			files = (
			);
			inputPaths = (
			);
			name = "[CP] Embed Pods Frameworks";
			outputPaths = (
			);
			runOnlyForDeploymentPostprocessing = 0;
			shellPath = /bin/sh;
			shellScript = "\"${SRCROOT}/Pods/Target Support Files/Pods-iOS Challenge/Pods-iOS Challenge-frameworks.sh\"\n";
			showEnvVarsInLog = 0;
		};
/* End PBXShellScriptBuildPhase section */

/* Begin PBXSourcesBuildPhase section */
		6A9ABAC41D191E9300C5B739 /* Sources */ = {
			isa = PBXSourcesBuildPhase;
			buildActionMask = 2147483647;
			files = (
				6A9ABACE1D191E9300C5B739 /* ViewController.swift in Sources */,
				6A9ABACC1D191E9300C5B739 /* AppDelegate.swift in Sources */,
			);
			runOnlyForDeploymentPostprocessing = 0;
		};
/* End PBXSourcesBuildPhase section */

/* Begin PBXVariantGroup section */
		6A9ABACF1D191E9300C5B739 /* Main.storyboard */ = {
			isa = PBXVariantGroup;
			children = (
				6A9ABAD01D191E9300C5B739 /* Base */,
			);
			name = Main.storyboard;
			sourceTree = "<group>";
		};
		6A9ABAD41D191E9400C5B739 /* LaunchScreen.storyboard */ = {
			isa = PBXVariantGroup;
			children = (
				6A9ABAD51D191E9400C5B739 /* Base */,
			);
			name = LaunchScreen.storyboard;
			sourceTree = "<group>";
		};
/* End PBXVariantGroup section */

/* Begin XCBuildConfiguration section */
		6A9ABAD81D191E9400C5B739 /* Debug */ = {
			isa = XCBuildConfiguration;
			buildSettings = {
				ALWAYS_SEARCH_USER_PATHS = NO;
				CLANG_ANALYZER_NONNULL = YES;
				CLANG_CXX_LANGUAGE_STANDARD = "gnu++0x";
				CLANG_CXX_LIBRARY = "libc++";
				CLANG_ENABLE_MODULES = YES;
				CLANG_ENABLE_OBJC_ARC = YES;
				CLANG_WARN_BOOL_CONVERSION = YES;
				CLANG_WARN_CONSTANT_CONVERSION = YES;
				CLANG_WARN_DIRECT_OBJC_ISA_USAGE = YES_ERROR;
				CLANG_WARN_EMPTY_BODY = YES;
				CLANG_WARN_ENUM_CONVERSION = YES;
				CLANG_WARN_INT_CONVERSION = YES;
				CLANG_WARN_OBJC_ROOT_CLASS = YES_ERROR;
				CLANG_WARN_UNREACHABLE_CODE = YES;
				CLANG_WARN__DUPLICATE_METHOD_MATCH = YES;
				"CODE_SIGN_IDENTITY[sdk=iphoneos*]" = "iPhone Developer";
				COPY_PHASE_STRIP = NO;
				DEBUG_INFORMATION_FORMAT = dwarf;
				ENABLE_STRICT_OBJC_MSGSEND = YES;
				ENABLE_TESTABILITY = YES;
				GCC_C_LANGUAGE_STANDARD = gnu99;
				GCC_DYNAMIC_NO_PIC = NO;
				GCC_NO_COMMON_BLOCKS = YES;
				GCC_OPTIMIZATION_LEVEL = 0;
				GCC_PREPROCESSOR_DEFINITIONS = (
					"DEBUG=1",
					"$(inherited)",
				);
				GCC_WARN_64_TO_32_BIT_CONVERSION = YES;
				GCC_WARN_ABOUT_RETURN_TYPE = YES_ERROR;
				GCC_WARN_UNDECLARED_SELECTOR = YES;
				GCC_WARN_UNINITIALIZED_AUTOS = YES_AGGRESSIVE;
				GCC_WARN_UNUSED_FUNCTION = YES;
				GCC_WARN_UNUSED_VARIABLE = YES;
				IPHONEOS_DEPLOYMENT_TARGET = 9.3;
				MTL_ENABLE_DEBUG_INFO = YES;
				ONLY_ACTIVE_ARCH = YES;
				SDKROOT = iphoneos;
				SWIFT_OPTIMIZATION_LEVEL = "-Onone";
				TARGETED_DEVICE_FAMILY = "1,2";
			};
			name = Debug;
		};
		6A9ABAD91D191E9400C5B739 /* Release */ = {
			isa = XCBuildConfiguration;
			buildSettings = {
				ALWAYS_SEARCH_USER_PATHS = NO;
				CLANG_ANALYZER_NONNULL = YES;
				CLANG_CXX_LANGUAGE_STANDARD = "gnu++0x";
				CLANG_CXX_LIBRARY = "libc++";
				CLANG_ENABLE_MODULES = YES;
				CLANG_ENABLE_OBJC_ARC = YES;
				CLANG_WARN_BOOL_CONVERSION = YES;
				CLANG_WARN_CONSTANT_CONVERSION = YES;
				CLANG_WARN_DIRECT_OBJC_ISA_USAGE = YES_ERROR;
				CLANG_WARN_EMPTY_BODY = YES;
				CLANG_WARN_ENUM_CONVERSION = YES;
				CLANG_WARN_INT_CONVERSION = YES;
				CLANG_WARN_OBJC_ROOT_CLASS = YES_ERROR;
				CLANG_WARN_UNREACHABLE_CODE = YES;
				CLANG_WARN__DUPLICATE_METHOD_MATCH = YES;
				"CODE_SIGN_IDENTITY[sdk=iphoneos*]" = "iPhone Developer";
				COPY_PHASE_STRIP = NO;
				DEBUG_INFORMATION_FORMAT = "dwarf-with-dsym";
				ENABLE_NS_ASSERTIONS = NO;
				ENABLE_STRICT_OBJC_MSGSEND = YES;
				GCC_C_LANGUAGE_STANDARD = gnu99;
				GCC_NO_COMMON_BLOCKS = YES;
				GCC_WARN_64_TO_32_BIT_CONVERSION = YES;
				GCC_WARN_ABOUT_RETURN_TYPE = YES_ERROR;
				GCC_WARN_UNDECLARED_SELECTOR = YES;
				GCC_WARN_UNINITIALIZED_AUTOS = YES_AGGRESSIVE;
				GCC_WARN_UNUSED_FUNCTION = YES;
				GCC_WARN_UNUSED_VARIABLE = YES;
				IPHONEOS_DEPLOYMENT_TARGET = 9.3;
				MTL_ENABLE_DEBUG_INFO = NO;
				SDKROOT = iphoneos;
				TARGETED_DEVICE_FAMILY = "1,2";
				VALIDATE_PRODUCT = YES;
			};
			name = Release;
		};
		6A9ABADB1D191E9400C5B739 /* Debug */ = {
			isa = XCBuildConfiguration;
			baseConfigurationReference = 60A604C959F04E965D5CA574 /* Pods-iOS Challenge.debug.xcconfig */;
			buildSettings = {
				ASSETCATALOG_COMPILER_APPICON_NAME = AppIcon;
				INFOPLIST_FILE = "iOS Challenge/Info.plist";
				LD_RUNPATH_SEARCH_PATHS = "$(inherited) @executable_path/Frameworks";
				PRODUCT_BUNDLE_IDENTIFIER = "com.sutrix.iOS-Challenge";
				PRODUCT_NAME = "$(TARGET_NAME)";
			};
			name = Debug;
		};
		6A9ABADC1D191E9400C5B739 /* Release */ = {
			isa = XCBuildConfiguration;
			baseConfigurationReference = BAA305522081B9B8E10A9F86 /* Pods-iOS Challenge.release.xcconfig */;
			buildSettings = {
				ASSETCATALOG_COMPILER_APPICON_NAME = AppIcon;
				INFOPLIST_FILE = "iOS Challenge/Info.plist";
				LD_RUNPATH_SEARCH_PATHS = "$(inherited) @executable_path/Frameworks";
				PRODUCT_BUNDLE_IDENTIFIER = "com.sutrix.iOS-Challenge";
				PRODUCT_NAME = "$(TARGET_NAME)";
			};
			name = Release;
		};
/* End XCBuildConfiguration section */

/* Begin XCConfigurationList section */
		6A9ABAC31D191E9300C5B739 /* Build configuration list for PBXProject "iOS Challenge" */ = {
			isa = XCConfigurationList;
			buildConfigurations = (
				6A9ABAD81D191E9400C5B739 /* Debug */,
				6A9ABAD91D191E9400C5B739 /* Release */,
			);
			defaultConfigurationIsVisible = 0;
			defaultConfigurationName = Release;
		};
		6A9ABADA1D191E9400C5B739 /* Build configuration list for PBXNativeTarget "iOS Challenge" */ = {
			isa = XCConfigurationList;
			buildConfigurations = (
				6A9ABADB1D191E9400C5B739 /* Debug */,
				6A9ABADC1D191E9400C5B739 /* Release */,
			);
			defaultConfigurationIsVisible = 0;
			defaultConfigurationName = Release;
		};
/* End XCConfigurationList section */
	};
	rootObject = 6A9ABAC01D191E9300C5B739 /* Project object */;
}
